
Microsoft Visual Studio Solution File, Format Version 11.00
# Visual Studio 2010
Project("{FAE04EC0-301F-11D3-BF4B-00C04F79EFBC}") = "RamdevSales", "RamdevSales\RamdevSales.csproj", "{066C0098-E11E-44E2-9730-72BA9BD4E3BF}"
EndProject
Project("{FAE04EC0-301F-11D3-BF4B-00C04F79EFBC}") = "LoadProject", "LoadProject\LoadProject.csproj", "{4651B863-A418-4E8E-847C-A0B3A946E711}"
EndProject
Global
	GlobalSection(SolutionConfigurationPlatforms) = preSolution
		Debug|x86 = Debug|x86
		Release|x86 = Release|x86
	EndGlobalSection
	GlobalSection(ProjectConfigurationPlatforms) = postSolution
		{066C0098-E11E-44E2-9730-72BA9BD4E3BF}.Debug|x86.ActiveCfg = Debug|x86
		{066C0098-E11E-44E2-9730-72BA9BD4E3BF}.Debug|x86.Build.0 = Debug|x86
		{066C0098-E11E-44E2-9730-72BA9BD4E3BF}.Release|x86.ActiveCfg = Release|x86
		{066C0098-E11E-44E2-9730-72BA9BD4E3BF}.Release|x86.Build.0 = Release|x86
		{4651B863-A418-4E8E-847C-A0B3A946E711}.Debug|x86.ActiveCfg = Debug|x86
		{4651B863-A418-4E8E-847C-A0B3A946E711}.Debug|x86.Build.0 = Debug|x86
		{4651B863-A418-4E8E-847C-A0B3A946E711}.Release|x86.ActiveCfg = Release|x86
		{4651B863-A418-4E8E-847C-A0B3A946E711}.Release|x86.Build.0 = Release|x86
	EndGlobalSection
	GlobalSection(SolutionProperties) = preSolution
		HideSolutionNode = FALSE
	EndGlobalSection
EndGlobal
